// !$*UTF8*$!
{
	archiveVersion = 1;
	classes = {
	};
	objectVersion = 55;
	objects = {

/* Begin PBXBuildFile section */
		EFC8884A28C1A49700EAD327 /* AppDelegate.m in Sources */ = {isa = PBXBuildFile; fileRef = EFC8884928C1A49700EAD327 /* AppDelegate.m */; };
		EFC8884D28C1A49700EAD327 /* SceneDelegate.m in Sources */ = {isa = PBXBuildFile; fileRef = EFC8884C28C1A49700EAD327 /* SceneDelegate.m */; };
		EFC8885028C1A49700EAD327 /* ViewController.m in Sources */ = {isa = PBXBuildFile; fileRef = EFC8884F28C1A49700EAD327 /* ViewController.m */; };
		EFC8885328C1A49700EAD327 /* Main.storyboard in Resources */ = {isa = PBXBuildFile; fileRef = EFC8885128C1A49700EAD327 /* Main.storyboard */; };
		EFC8885528C1A49800EAD327 /* Assets.xcassets in Resources */ = {isa = PBXBuildFile; fileRef = EFC8885428C1A49800EAD327 /* Assets.xcassets */; };
		EFC8885828C1A49800EAD327 /* LaunchScreen.storyboard in Resources */ = {isa = PBXBuildFile; fileRef = EFC8885628C1A49800EAD327 /* LaunchScreen.storyboard */; };
		EFC8885B28C1A49800EAD327 /* main.m in Sources */ = {isa = PBXBuildFile; fileRef = EFC8885A28C1A49800EAD327 /* main.m */; };
		EFC8886628C1A4D300EAD327 /* XHPageControl.m in Sources */ = {isa = PBXBuildFile; fileRef = EFC8886528C1A4D300EAD327 /* XHPageControl.m */; };
/* End PBXBuildFile section */

/* Begin PBXFileReference section */
		EFC8884528C1A49700EAD327 /* XHPageControl.app */ = {isa = PBXFileReference; explicitFileType = wrapper.application; includeInIndex = 0; path = XHPageControl.app; sourceTree = BUILT_PRODUCTS_DIR; };
		EFC8884828C1A49700EAD327 /* AppDelegate.h */ = {isa = PBXFileReference; lastKnownFileType = sourcecode.c.h; path = AppDelegate.h; sourceTree = "<group>"; };
		EFC8884928C1A49700EAD327 /* AppDelegate.m */ = {isa = PBXFileReference; lastKnownFileType = sourcecode.c.objc; path = AppDelegate.m; sourceTree = "<group>"; };
		EFC8884B28C1A49700EAD327 /* SceneDelegate.h */ = {isa = PBXFileReference; lastKnownFileType = sourcecode.c.h; path = SceneDelegate.h; sourceTree = "<group>"; };
		EFC8884C28C1A49700EAD327 /* SceneDelegate.m */ = {isa = PBXFileReference; lastKnownFileType = sourcecode.c.objc; path = SceneDelegate.m; sourceTree = "<group>"; };
		EFC8884E28C1A49700EAD327 /* ViewController.h */ = {isa = PBXFileReference; lastKnownFileType = sourcecode.c.h; path = ViewController.h; sourceTree = "<group>"; };
		EFC8884F28C1A49700EAD327 /* ViewController.m */ = {isa = PBXFileReference; lastKnownFileType = sourcecode.c.objc; path = ViewController.m; sourceTree = "<group>"; };
		EFC8885228C1A49700EAD327 /* Base */ = {isa = PBXFileReference; lastKnownFileType = file.storyboard; name = Base; path = Base.lproj/Main.storyboard; sourceTree = "<group>"; };
		EFC8885428C1A49800EAD327 /* Assets.xcassets */ = {isa = PBXFileReference; lastKnownFileType = folder.assetcatalog; path = Assets.xcassets; sourceTree = "<group>"; };
		EFC8885728C1A49800EAD327 /* Base */ = {isa = PBXFileReference; lastKnownFileType = file.storyboard; name = Base; path = Base.lproj/LaunchScreen.storyboard; sourceTree = "<group>"; };
		EFC8885928C1A49800EAD327 /* Info.plist */ = {isa = PBXFileReference; lastKnownFileType = text.plist.xml; path = Info.plist; sourceTree = "<group>"; };
		EFC8885A28C1A49800EAD327 /* main.m */ = {isa = PBXFileReference; lastKnownFileType = sourcecode.c.objc; path = main.m; sourceTree = "<group>"; };
		EFC8886428C1A4D300EAD327 /* XHPageControl.h */ = {isa = PBXFileReference; fileEncoding = 4; lastKnownFileType = sourcecode.c.h; path = XHPageControl.h; sourceTree = "<group>"; };
		EFC8886528C1A4D300EAD327 /* XHPageControl.m */ = {isa = PBXFileReference; fileEncoding = 4; lastKnownFileType = sourcecode.c.objc; path = XHPageControl.m; sourceTree = "<group>"; };
/* End PBXFileReference section */

/* Begin PBXFrameworksBuildPhase section */
		EFC8884228C1A49700EAD327 /* Frameworks */ = {
			isa = PBXFrameworksBuildPhase;
			buildActionMask = 2147483647;
			files = (
			);
			runOnlyForDeploymentPostprocessing = 0;
		};
/* End PBXFrameworksBuildPhase section */

/* Begin PBXGroup section */
		EFC8883C28C1A49700EAD327 = {
			isa = PBXGroup;
			children = (
				EFC8884728C1A49700EAD327 /* XHPageControl */,
				EFC8884628C1A49700EAD327 /* Products */,
			);
			sourceTree = "<group>";
		};
		EFC8884628C1A49700EAD327 /* Products */ = {
			isa = PBXGroup;
			children = (
				EFC8884528C1A49700EAD327 /* XHPageControl.app */,
			);
			name = Products;
			sourceTree = "<group>";
		};
		EFC8884728C1A49700EAD327 /* XHPageControl */ = {
			isa = PBXGroup;
			children = (
				EFC8886328C1A4CC00EAD327 /* PageControl */,
				EFC8884828C1A49700EAD327 /* AppDelegate.h */,
				EFC8884928C1A49700EAD327 /* AppDelegate.m */,
				EFC8884B28C1A49700EAD327 /* SceneDelegate.h */,
				EFC8884C28C1A49700EAD327 /* SceneDelegate.m */,
				EFC8884E28C1A49700EAD327 /* ViewController.h */,
				EFC8884F28C1A49700EAD327 /* ViewController.m */,
				EFC8885128C1A49700EAD327 /* Main.storyboard */,
				EFC8885428C1A49800EAD327 /* Assets.xcassets */,
				EFC8885628C1A49800EAD327 /* LaunchScreen.storyboard */,
				EFC8885928C1A49800EAD327 /* Info.plist */,
				EFC8885A28C1A49800EAD327 /* main.m */,
			);
			path = XHPageControl;
			sourceTree = "<group>";
		};
		EFC8886328C1A4CC00EAD327 /* PageControl */ = {
			isa = PBXGroup;
			children = (
				EFC8886428C1A4D300EAD327 /* XHPageControl.h */,
				EFC8886528C1A4D300EAD327 /* XHPageControl.m */,
			);
			path = PageControl;
			sourceTree = "<group>";
		};
/* End PBXGroup section */

/* Begin PBXNativeTarget section */
		EFC8884428C1A49700EAD327 /* XHPageControl */ = {
			isa = PBXNativeTarget;
			buildConfigurationList = EFC8885E28C1A49800EAD327 /* Build configuration list for PBXNativeTarget "XHPageControl" */;
			buildPhases = (
				EFC8884128C1A49700EAD327 /* Sources */,
				EFC8884228C1A49700EAD327 /* Frameworks */,
				EFC8884328C1A49700EAD327 /* Resources */,
			);
			buildRules = (
			);
			dependencies = (
			);
			name = XHPageControl;
			productName = XHPageControl;
			productReference = EFC8884528C1A49700EAD327 /* XHPageControl.app */;
			productType = "com.apple.product-type.application";
		};
/* End PBXNativeTarget section */

/* Begin PBXProject section */
		EFC8883D28C1A49700EAD327 /* Project object */ = {
			isa = PBXProject;
			attributes = {
				BuildIndependentTargetsInParallel = 1;
				LastUpgradeCheck = 1340;
				TargetAttributes = {
					EFC8884428C1A49700EAD327 = {
						CreatedOnToolsVersion = 13.4.1;
					};
				};
			};
			buildConfigurationList = EFC8884028C1A49700EAD327 /* Build configuration list for PBXProject "XHPageControl" */;
			compatibilityVersion = "Xcode 13.0";
			developmentRegion = en;
			hasScannedForEncodings = 0;
			knownRegions = (
				en,
				Base,
			);
			mainGroup = EFC8883C28C1A49700EAD327;
			productRefGroup = EFC8884628C1A49700EAD327 /* Products */;
			projectDirPath = "";
			projectRoot = "";
			targets = (
				EFC8884428C1A49700EAD327 /* XHPageControl */,
			);
		};
/* End PBXProject section */

/* Begin PBXResourcesBuildPhase section */
		EFC8884328C1A49700EAD327 /* Resources */ = {
			isa = PBXResourcesBuildPhase;
			buildActionMask = 2147483647;
			files = (
				EFC8885828C1A49800EAD327 /* LaunchScreen.storyboard in Resources */,
				EFC8885528C1A49800EAD327 /* Assets.xcassets in Resources */,
				EFC8885328C1A49700EAD327 /* Main.storyboard in Resources */,
			);
			runOnlyForDeploymentPostprocessing = 0;
		};
/* End PBXResourcesBuildPhase section */

/* Begin PBXSourcesBuildPhase section */
		EFC8884128C1A49700EAD327 /* Sources */ = {
			isa = PBXSourcesBuildPhase;
			buildActionMask = 2147483647;
			files = (
				EFC8885028C1A49700EAD327 /* ViewController.m in Sources */,
				EFC8884A28C1A49700EAD327 /* AppDelegate.m in Sources */,
				EFC8886628C1A4D300EAD327 /* XHPageControl.m in Sources */,
				EFC8885B28C1A49800EAD327 /* main.m in Sources */,
				EFC8884D28C1A49700EAD327 /* SceneDelegate.m in Sources */,
			);
			runOnlyForDeploymentPostprocessing = 0;
		};
/* End PBXSourcesBuildPhase section */

/* Begin PBXVariantGroup section */
		EFC8885128C1A49700EAD327 /* Main.storyboard */ = {
			isa = PBXVariantGroup;
			children = (
				EFC8885228C1A49700EAD327 /* Base */,
			);
			name = Main.storyboard;
			sourceTree = "<group>";
		};
		EFC8885628C1A49800EAD327 /* LaunchScreen.storyboard */ = {
			isa = PBXVariantGroup;
			children = (
				EFC8885728C1A49800EAD327 /* Base */,
			);
			name = LaunchScreen.storyboard;
			sourceTree = "<group>";
		};
/* End PBXVariantGroup section */

/* Begin XCBuildConfiguration section */
		EFC8885C28C1A49800EAD327 /* Debug */ = {
			isa = XCBuildConfiguration;
			buildSettings = {
				ALWAYS_SEARCH_USER_PATHS = NO;
				CLANG_ANALYZER_NONNULL = YES;
				CLANG_ANALYZER_NUMBER_OBJECT_CONVERSION = YES_AGGRESSIVE;
				CLANG_CXX_LANGUAGE_STANDARD = "gnu++17";
				CLANG_ENABLE_MODULES = YES;
				CLANG_ENABLE_OBJC_ARC = YES;
				CLANG_ENABLE_OBJC_WEAK = YES;
				CLANG_WARN_BLOCK_CAPTURE_AUTORELEASING = YES;
				CLANG_WARN_BOOL_CONVERSION = YES;
				CLANG_WARN_COMMA = YES;
				CLANG_WARN_CONSTANT_CONVERSION = YES;
				CLANG_WARN_DEPRECATED_OBJC_IMPLEMENTATIONS = YES;
				CLANG_WARN_DIRECT_OBJC_ISA_USAGE = YES_ERROR;
				CLANG_WARN_DOCUMENTATION_COMMENTS = YES;
				CLANG_WARN_EMPTY_BODY = YES;
				CLANG_WARN_ENUM_CONVERSION = YES;
				CLANG_WARN_INFINITE_RECURSION = YES;
				CLANG_WARN_INT_CONVERSION = YES;
				CLANG_WARN_NON_LITERAL_NULL_CONVERSION = YES;
				CLANG_WARN_OBJC_IMPLICIT_RETAIN_SELF = YES;
				CLANG_WARN_OBJC_LITERAL_CONVERSION = YES;
				CLANG_WARN_OBJC_ROOT_CLASS = YES_ERROR;
				CLANG_WARN_QUOTED_INCLUDE_IN_FRAMEWORK_HEADER = YES;
				CLANG_WARN_RANGE_LOOP_ANALYSIS = YES;
				CLANG_WARN_STRICT_PROTOTYPES = YES;
				CLANG_WARN_SUSPICIOUS_MOVE = YES;
				CLANG_WARN_UNGUARDED_AVAILABILITY = YES_AGGRESSIVE;
				CLANG_WARN_UNREACHABLE_CODE = YES;
				CLANG_WARN__DUPLICATE_METHOD_MATCH = YES;
				COPY_PHASE_STRIP = NO;
				DEBUG_INFORMATION_FORMAT = dwarf;
				ENABLE_STRICT_OBJC_MSGSEND = YES;
				ENABLE_TESTABILITY = YES;
				GCC_C_LANGUAGE_STANDARD = gnu11;
				GCC_DYNAMIC_NO_PIC = NO;
				GCC_NO_COMMON_BLOCKS = YES;
				GCC_OPTIMIZATION_LEVEL = 0;
				GCC_PREPROCESSOR_DEFINITIONS = (
					"DEBUG=1",
					"$(inherited)",
				);
				GCC_WARN_64_TO_32_BIT_CONVERSION = YES;
				GCC_WARN_ABOUT_RETURN_TYPE = YES_ERROR;
				GCC_WARN_UNDECLARED_SELECTOR = YES;
				GCC_WARN_UNINITIALIZED_AUTOS = YES_AGGRESSIVE;
				GCC_WARN_UNUSED_FUNCTION = YES;
				GCC_WARN_UNUSED_VARIABLE = YES;
				IPHONEOS_DEPLOYMENT_TARGET = 15.5;
				MTL_ENABLE_DEBUG_INFO = INCLUDE_SOURCE;
				MTL_FAST_MATH = YES;
				ONLY_ACTIVE_ARCH = YES;
				SDKROOT = iphoneos;
			};
			name = Debug;
		};
		EFC8885D28C1A49800EAD327 /* Release */ = {
			isa = XCBuildConfiguration;
			buildSettings = {
				ALWAYS_SEARCH_USER_PATHS = NO;
				CLANG_ANALYZER_NONNULL = YES;
				CLANG_ANALYZER_NUMBER_OBJECT_CONVERSION = YES_AGGRESSIVE;
				CLANG_CXX_LANGUAGE_STANDARD = "gnu++17";
				CLANG_ENABLE_MODULES = YES;
				CLANG_ENABLE_OBJC_ARC = YES;
				CLANG_ENABLE_OBJC_WEAK = YES;
				CLANG_WARN_BLOCK_CAPTURE_AUTORELEASING = YES;
				CLANG_WARN_BOOL_CONVERSION = YES;
				CLANG_WARN_COMMA = YES;
				CLANG_WARN_CONSTANT_CONVERSION = YES;
				CLANG_WARN_DEPRECATED_OBJC_IMPLEMENTATIONS = YES;
				CLANG_WARN_DIRECT_OBJC_ISA_USAGE = YES_ERROR;
				CLANG_WARN_DOCUMENTATION_COMMENTS = YES;
				CLANG_WARN_EMPTY_BODY = YES;
				CLANG_WARN_ENUM_CONVERSION = YES;
				CLANG_WARN_INFINITE_RECURSION = YES;
				CLANG_WARN_INT_CONVERSION = YES;
				CLANG_WARN_NON_LITERAL_NULL_CONVERSION = YES;
				CLANG_WARN_OBJC_IMPLICIT_RETAIN_SELF = YES;
				CLANG_WARN_OBJC_LITERAL_CONVERSION = YES;
				CLANG_WARN_OBJC_ROOT_CLASS = YES_ERROR;
				CLANG_WARN_QUOTED_INCLUDE_IN_FRAMEWORK_HEADER = YES;
				CLANG_WARN_RANGE_LOOP_ANALYSIS = YES;
				CLANG_WARN_STRICT_PROTOTYPES = YES;
				CLANG_WARN_SUSPICIOUS_MOVE = YES;
				CLANG_WARN_UNGUARDED_AVAILABILITY = YES_AGGRESSIVE;
				CLANG_WARN_UNREACHABLE_CODE = YES;
				CLANG_WARN__DUPLICATE_METHOD_MATCH = YES;
				COPY_PHASE_STRIP = NO;
				DEBUG_INFORMATION_FORMAT = "dwarf-with-dsym";
				ENABLE_NS_ASSERTIONS = NO;
				ENABLE_STRICT_OBJC_MSGSEND = YES;
				GCC_C_LANGUAGE_STANDARD = gnu11;
				GCC_NO_COMMON_BLOCKS = YES;
				GCC_WARN_64_TO_32_BIT_CONVERSION = YES;
				GCC_WARN_ABOUT_RETURN_TYPE = YES_ERROR;
				GCC_WARN_UNDECLARED_SELECTOR = YES;
				GCC_WARN_UNINITIALIZED_AUTOS = YES_AGGRESSIVE;
				GCC_WARN_UNUSED_FUNCTION = YES;
				GCC_WARN_UNUSED_VARIABLE = YES;
				IPHONEOS_DEPLOYMENT_TARGET = 15.5;
				MTL_ENABLE_DEBUG_INFO = NO;
				MTL_FAST_MATH = YES;
				SDKROOT = iphoneos;
				VALIDATE_PRODUCT = YES;
			};
			name = Release;
		};
		EFC8885F28C1A49800EAD327 /* Debug */ = {
			isa = XCBuildConfiguration;
			buildSettings = {
				ASSETCATALOG_COMPILER_APPICON_NAME = AppIcon;
				ASSETCATALOG_COMPILER_GLOBAL_ACCENT_COLOR_NAME = AccentColor;
				CODE_SIGN_STYLE = Automatic;
				CURRENT_PROJECT_VERSION = 1;
				DEVELOPMENT_TEAM = 6Y6DL4AM34;
				GENERATE_INFOPLIST_FILE = YES;
				INFOPLIST_FILE = XHPageControl/Info.plist;
				INFOPLIST_KEY_UIApplicationSupportsIndirectInputEvents = YES;
				INFOPLIST_KEY_UILaunchStoryboardName = LaunchScreen;
				INFOPLIST_KEY_UIMainStoryboardFile = Main;
				INFOPLIST_KEY_UISupportedInterfaceOrientations_iPad = "UIInterfaceOrientationPortrait UIInterfaceOrientationPortraitUpsideDown UIInterfaceOrientationLandscapeLeft UIInterfaceOrientationLandscapeRight";
				INFOPLIST_KEY_UISupportedInterfaceOrientations_iPhone = "UIInterfaceOrientationPortrait UIInterfaceOrientationLandscapeLeft UIInterfaceOrientationLandscapeRight";
				LD_RUNPATH_SEARCH_PATHS = (
					"$(inherited)",
					"@executable_path/Frameworks",
				);
				MARKETING_VERSION = 1.0;
				PRODUCT_BUNDLE_IDENTIFIER = wwww.zxhkit.com.XHPageControl;
				PRODUCT_NAME = "$(TARGET_NAME)";
				SWIFT_EMIT_LOC_STRINGS = YES;
				TARGETED_DEVICE_FAMILY = "1,2";
			};
			name = Debug;
		};
		EFC8886028C1A49800EAD327 /* Release */ = {
			isa = XCBuildConfiguration;
			buildSettings = {
				ASSETCATALOG_COMPILER_APPICON_NAME = AppIcon;
				ASSETCATALOG_COMPILER_GLOBAL_ACCENT_COLOR_NAME = AccentColor;
				CODE_SIGN_STYLE = Automatic;
				CURRENT_PROJECT_VERSION = 1;
				DEVELOPMENT_TEAM = 6Y6DL4AM34;
				GENERATE_INFOPLIST_FILE = YES;
				INFOPLIST_FILE = XHPageControl/Info.plist;
				INFOPLIST_KEY_UIApplicationSupportsIndirectInputEvents = YES;
				INFOPLIST_KEY_UILaunchStoryboardName = LaunchScreen;
				INFOPLIST_KEY_UIMainStoryboardFile = Main;
				INFOPLIST_KEY_UISupportedInterfaceOrientations_iPad = "UIInterfaceOrientationPortrait UIInterfaceOrientationPortraitUpsideDown UIInterfaceOrientationLandscapeLeft UIInterfaceOrientationLandscapeRight";
				INFOPLIST_KEY_UISupportedInterfaceOrientations_iPhone = "UIInterfaceOrientationPortrait UIInterfaceOrientationLandscapeLeft UIInterfaceOrientationLandscapeRight";
				LD_RUNPATH_SEARCH_PATHS = (
					"$(inherited)",
					"@executable_path/Frameworks",
				);
				MARKETING_VERSION = 1.0;
				PRODUCT_BUNDLE_IDENTIFIER = wwww.zxhkit.com.XHPageControl;
				PRODUCT_NAME = "$(TARGET_NAME)";
				SWIFT_EMIT_LOC_STRINGS = YES;
				TARGETED_DEVICE_FAMILY = "1,2";
			};
			name = Release;
		};
/* End XCBuildConfiguration section */

/* Begin XCConfigurationList section */
		EFC8884028C1A49700EAD327 /* Build configuration list for PBXProject "XHPageControl" */ = {
			isa = XCConfigurationList;
			buildConfigurations = (
				EFC8885C28C1A49800EAD327 /* Debug */,
				EFC8885D28C1A49800EAD327 /* Release */,
			);
			defaultConfigurationIsVisible = 0;
			defaultConfigurationName = Release;
		};
		EFC8885E28C1A49800EAD327 /* Build configuration list for PBXNativeTarget "XHPageControl" */ = {
			isa = XCConfigurationList;
			buildConfigurations = (
				EFC8885F28C1A49800EAD327 /* Debug */,
				EFC8886028C1A49800EAD327 /* Release */,
			);
			defaultConfigurationIsVisible = 0;
			defaultConfigurationName = Release;
		};
/* End XCConfigurationList section */
	};
	rootObject = EFC8883D28C1A49700EAD327 /* Project object */;
}
